
Microsoft Visual Studio Solution File, Format Version 12.00
# Visual Studio Version 17
VisualStudioVersion = 17.6.33815.320
MinimumVisualStudioVersion = 10.0.40219.1
Project("{FAE04EC0-301F-11D3-BF4B-00C04F79EFBC}") = "Memory Game", "Memory Game.csproj", "{A6C33C98-AEDE-49A9-BED1-34CDCB893B6E}"
EndProject
Global
	GlobalSection(SolutionConfigurationPlatforms) = preSolution
		Debug|Any CPU = Debug|Any CPU
		Release|Any CPU = Release|Any CPU
	EndGlobalSection
	GlobalSection(ProjectConfigurationPlatforms) = postSolution
		{A6C33C98-AEDE-49A9-BED1-34CDCB893B6E}.Debug|Any CPU.ActiveCfg = Debug|Any CPU
		{A6C33C98-AEDE-49A9-BED1-34CDCB893B6E}.Debug|Any CPU.Build.0 = Debug|Any CPU
		{A6C33C98-AEDE-49A9-BED1-34CDCB893B6E}.Release|Any CPU.ActiveCfg = Release|Any CPU
		{A6C33C98-AEDE-49A9-BED1-34CDCB893B6E}.Release|Any CPU.Build.0 = Release|Any CPU
	EndGlobalSection
	GlobalSection(SolutionProperties) = preSolution
		HideSolutionNode = FALSE
	EndGlobalSection
	GlobalSection(ExtensibilityGlobals) = postSolution
		SolutionGuid = {4D788E06-42C9-438A-AF03-7ED47D942738}
	EndGlobalSection
EndGlobal
